
Microsoft Visual Studio Solution File, Format Version 12.00
# Visual Studio Version 16
VisualStudioVersion = 16.0.29215.179
MinimumVisualStudioVersion = 10.0.40219.1
Project("{FAE04EC0-301F-11D3-BF4B-00C04F79EFBC}") = "AppAula.Android", "AppAula\AppAula.Android\AppAula.Android.csproj", "{3628B98D-0B55-484C-B052-5638C62BA515}"
EndProject
Project("{FAE04EC0-301F-11D3-BF4B-00C04F79EFBC}") = "AppAula.iOS", "AppAula\AppAula.iOS\AppAula.iOS.csproj", "{2A678CE7-4DDB-4358-AF17-90EA9A03A690}"
EndProject
Project("{FAE04EC0-301F-11D3-BF4B-00C04F79EFBC}") = "AppAula", "AppAula\AppAula\AppAula.csproj", "{2394D68A-13D9-4044-9966-759DB078E531}"
EndProject
Global
	GlobalSection(SolutionConfigurationPlatforms) = preSolution
		Debug|Any CPU = Debug|Any CPU
		Debug|iPhone = Debug|iPhone
		Debug|iPhoneSimulator = Debug|iPhoneSimulator
		Release|Any CPU = Release|Any CPU
		Release|iPhone = Release|iPhone
		Release|iPhoneSimulator = Release|iPhoneSimulator
	EndGlobalSection
	GlobalSection(ProjectConfigurationPlatforms) = postSolution
		{3628B98D-0B55-484C-B052-5638C62BA515}.Debug|Any CPU.ActiveCfg = Debug|Any CPU
		{3628B98D-0B55-484C-B052-5638C62BA515}.Debug|Any CPU.Build.0 = Debug|Any CPU
		{3628B98D-0B55-484C-B052-5638C62BA515}.Debug|Any CPU.Deploy.0 = Debug|Any CPU
		{3628B98D-0B55-484C-B052-5638C62BA515}.Debug|iPhone.ActiveCfg = Debug|Any CPU
		{3628B98D-0B55-484C-B052-5638C62BA515}.Debug|iPhone.Build.0 = Debug|Any CPU
		{3628B98D-0B55-484C-B052-5638C62BA515}.Debug|iPhone.Deploy.0 = Debug|Any CPU
		{3628B98D-0B55-484C-B052-5638C62BA515}.Debug|iPhoneSimulator.ActiveCfg = Debug|Any CPU
		{3628B98D-0B55-484C-B052-5638C62BA515}.Debug|iPhoneSimulator.Build.0 = Debug|Any CPU
		{3628B98D-0B55-484C-B052-5638C62BA515}.Debug|iPhoneSimulator.Deploy.0 = Debug|Any CPU
		{3628B98D-0B55-484C-B052-5638C62BA515}.Release|Any CPU.ActiveCfg = Release|Any CPU
		{3628B98D-0B55-484C-B052-5638C62BA515}.Release|Any CPU.Build.0 = Release|Any CPU
		{3628B98D-0B55-484C-B052-5638C62BA515}.Release|Any CPU.Deploy.0 = Release|Any CPU
		{3628B98D-0B55-484C-B052-5638C62BA515}.Release|iPhone.ActiveCfg = Release|Any CPU
		{3628B98D-0B55-484C-B052-5638C62BA515}.Release|iPhone.Build.0 = Release|Any CPU
		{3628B98D-0B55-484C-B052-5638C62BA515}.Release|iPhone.Deploy.0 = Release|Any CPU
		{3628B98D-0B55-484C-B052-5638C62BA515}.Release|iPhoneSimulator.ActiveCfg = Release|Any CPU
		{3628B98D-0B55-484C-B052-5638C62BA515}.Release|iPhoneSimulator.Build.0 = Release|Any CPU
		{3628B98D-0B55-484C-B052-5638C62BA515}.Release|iPhoneSimulator.Deploy.0 = Release|Any CPU
		{2A678CE7-4DDB-4358-AF17-90EA9A03A690}.Debug|Any CPU.ActiveCfg = Debug|iPhoneSimulator
		{2A678CE7-4DDB-4358-AF17-90EA9A03A690}.Debug|Any CPU.Deploy.0 = Debug|iPhoneSimulator
		{2A678CE7-4DDB-4358-AF17-90EA9A03A690}.Debug|iPhone.ActiveCfg = Debug|iPhone
		{2A678CE7-4DDB-4358-AF17-90EA9A03A690}.Debug|iPhone.Build.0 = Debug|iPhone
		{2A678CE7-4DDB-4358-AF17-90EA9A03A690}.Debug|iPhone.Deploy.0 = Debug|iPhone
		{2A678CE7-4DDB-4358-AF17-90EA9A03A690}.Debug|iPhoneSimulator.ActiveCfg = Debug|iPhoneSimulator
		{2A678CE7-4DDB-4358-AF17-90EA9A03A690}.Debug|iPhoneSimulator.Build.0 = Debug|iPhoneSimulator
		{2A678CE7-4DDB-4358-AF17-90EA9A03A690}.Debug|iPhoneSimulator.Deploy.0 = Debug|iPhoneSimulator
		{2A678CE7-4DDB-4358-AF17-90EA9A03A690}.Release|Any CPU.ActiveCfg = Release|iPhone
		{2A678CE7-4DDB-4358-AF17-90EA9A03A690}.Release|Any CPU.Build.0 = Release|iPhone
		{2A678CE7-4DDB-4358-AF17-90EA9A03A690}.Release|Any CPU.Deploy.0 = Release|iPhone
		{2A678CE7-4DDB-4358-AF17-90EA9A03A690}.Release|iPhone.ActiveCfg = Release|iPhone
		{2A678CE7-4DDB-4358-AF17-90EA9A03A690}.Release|iPhone.Build.0 = Release|iPhone
		{2A678CE7-4DDB-4358-AF17-90EA9A03A690}.Release|iPhone.Deploy.0 = Release|iPhone
		{2A678CE7-4DDB-4358-AF17-90EA9A03A690}.Release|iPhoneSimulator.ActiveCfg = Release|iPhoneSimulator
		{2A678CE7-4DDB-4358-AF17-90EA9A03A690}.Release|iPhoneSimulator.Build.0 = Release|iPhoneSimulator
		{2A678CE7-4DDB-4358-AF17-90EA9A03A690}.Release|iPhoneSimulator.Deploy.0 = Release|iPhoneSimulator
		{2394D68A-13D9-4044-9966-759DB078E531}.Debug|Any CPU.ActiveCfg = Debug|Any CPU
		{2394D68A-13D9-4044-9966-759DB078E531}.Debug|Any CPU.Build.0 = Debug|Any CPU
		{2394D68A-13D9-4044-9966-759DB078E531}.Debug|Any CPU.Deploy.0 = Debug|Any CPU
		{2394D68A-13D9-4044-9966-759DB078E531}.Debug|iPhone.ActiveCfg = Debug|Any CPU
		{2394D68A-13D9-4044-9966-759DB078E531}.Debug|iPhone.Build.0 = Debug|Any CPU
		{2394D68A-13D9-4044-9966-759DB078E531}.Debug|iPhone.Deploy.0 = Debug|Any CPU
		{2394D68A-13D9-4044-9966-759DB078E531}.Debug|iPhoneSimulator.ActiveCfg = Debug|Any CPU
		{2394D68A-13D9-4044-9966-759DB078E531}.Debug|iPhoneSimulator.Build.0 = Debug|Any CPU
		{2394D68A-13D9-4044-9966-759DB078E531}.Debug|iPhoneSimulator.Deploy.0 = Debug|Any CPU
		{2394D68A-13D9-4044-9966-759DB078E531}.Release|Any CPU.ActiveCfg = Release|Any CPU
		{2394D68A-13D9-4044-9966-759DB078E531}.Release|Any CPU.Build.0 = Release|Any CPU
		{2394D68A-13D9-4044-9966-759DB078E531}.Release|Any CPU.Deploy.0 = Release|Any CPU
		{2394D68A-13D9-4044-9966-759DB078E531}.Release|iPhone.ActiveCfg = Release|Any CPU
		{2394D68A-13D9-4044-9966-759DB078E531}.Release|iPhone.Build.0 = Release|Any CPU
		{2394D68A-13D9-4044-9966-759DB078E531}.Release|iPhone.Deploy.0 = Release|Any CPU
		{2394D68A-13D9-4044-9966-759DB078E531}.Release|iPhoneSimulator.ActiveCfg = Release|Any CPU
		{2394D68A-13D9-4044-9966-759DB078E531}.Release|iPhoneSimulator.Build.0 = Release|Any CPU
		{2394D68A-13D9-4044-9966-759DB078E531}.Release|iPhoneSimulator.Deploy.0 = Release|Any CPU
	EndGlobalSection
	GlobalSection(SolutionProperties) = preSolution
		HideSolutionNode = FALSE
	EndGlobalSection
	GlobalSection(ExtensibilityGlobals) = postSolution
		SolutionGuid = {127D412E-BFA3-464D-8B23-DF9DB133CB97}
	EndGlobalSection
EndGlobal
